{
  "name": "src-tauri",
  "version": "0.1.0",
  "lockfileVersion": 3,
  "requires": true,
  "packages": {
    "": {
      "name": "src-tauri",
      "version": "0.1.0",
      "dependencies": {
        "@tauri-apps/api": "^2.7.0",
        "@types/leaflet": "^1.9.20",
        "leaflet": "^1.9.4",
        "react-leaflet": "^5.0.0"
      },
      "devDependencies": {
        "@tauri-apps/cli": "^2"
      }
    },
    "node_modules/@react-leaflet/core": {
      "version": "3.0.0",
      "resolved": "https://registry.npmjs.org/@react-leaflet/core/-/core-3.0.0.tgz",
      "integrity": "sha512-3EWmekh4Nz+pGcr+xjf0KNyYfC3U2JjnkWsh0zcqaexYqmmB5ZhH37kz41JXGmKzpaMZCnPofBBm64i+YrEvGQ==",
      "license": "Hippocratic-2.1",
      "peerDependencies": {
        "leaflet": "^1.9.0",
        "react": "^19.0.0",
        "react-dom": "^19.0.0"
      }
    },
    "node_modules/@tauri-apps/api": {
      "version": "2.7.0",
      "resolved": "https://registry.npmjs.org/@tauri-apps/api/-/api-2.7.0.tgz",
      "integrity": "sha512-v7fVE8jqBl8xJFOcBafDzXFc8FnicoH3j8o8DNNs0tHuEBmXUDqrCOAzMRX0UkfpwqZLqvrvK0GNQ45DfnoVDg==",
      "license": "Apache-2.0 OR MIT",
      "funding": {
        "type": "opencollective",
        "url": "https://opencollective.com/tauri"
      }
    },
    "node_modules/@tauri-apps/cli": {
      "version": "2.7.1",
      "resolved": "https://registry.npmjs.org/@tauri-apps/cli/-/cli-2.7.1.tgz",
      "integrity": "sha512-RcGWR4jOUEl92w3uvI0h61Llkfj9lwGD1iwvDRD2isMrDhOzjeeeVn9aGzeW1jubQ/kAbMYfydcA4BA0Cy733Q==",
      "dev": true,
      "license": "Apache-2.0 OR MIT",
      "bin": {
        "tauri": "tauri.js"
      },
      "engines": {
        "node": ">= 10"
      },
      "funding": {
        "type": "opencollective",
        "url": "https://opencollective.com/tauri"
      },
      "optionalDependencies": {
        "@tauri-apps/cli-darwin-arm64": "2.7.1",
        "@tauri-apps/cli-darwin-x64": "2.7.1",
        "@tauri-apps/cli-linux-arm-gnueabihf": "2.7.1",
        "@tauri-apps/cli-linux-arm64-gnu": "2.7.1",
        "@tauri-apps/cli-linux-arm64-musl": "2.7.1",
        "@tauri-apps/cli-linux-riscv64-gnu": "2.7.1",
        "@tauri-apps/cli-linux-x64-gnu": "2.7.1",
        "@tauri-apps/cli-linux-x64-musl": "2.7.1",
        "@tauri-apps/cli-win32-arm64-msvc": "2.7.1",
        "@tauri-apps/cli-win32-ia32-msvc": "2.7.1",
        "@tauri-apps/cli-win32-x64-msvc": "2.7.1"
      }
    },
    "node_modules/@tauri-apps/cli-darwin-arm64": {
      "version": "2.7.1",
      "resolved": "https://registry.npmjs.org/@tauri-apps/cli-darwin-arm64/-/cli-darwin-arm64-2.7.1.tgz",
      "integrity": "sha512-j2NXQN6+08G03xYiyKDKqbCV2Txt+hUKg0a8hYr92AmoCU8fgCjHyva/p16lGFGUG3P2Yu0xiNe1hXL9ZuRMzA==",
      "cpu": [
        "arm64"
      ],
      "dev": true,
      "license": "Apache-2.0 OR MIT",
      "optional": true,
      "os": [
        "darwin"
      ],
      "engines": {
        "node": ">= 10"
      }
    },
    "node_modules/@tauri-apps/cli-darwin-x64": {
      "version": "2.7.1",
      "resolved": "https://registry.npmjs.org/@tauri-apps/cli-darwin-x64/-/cli-darwin-x64-2.7.1.tgz",
      "integrity": "sha512-CdYAefeM35zKsc91qIyKzbaO7FhzTyWKsE8hj7tEJ1INYpoh1NeNNyL/NSEA3Nebi5ilugioJ5tRK8ZXG8y3gw==",
      "cpu": [
        "x64"
      ],
      "dev": true,
      "license": "Apache-2.0 OR MIT",
      "optional": true,
      "os": [
        "darwin"
      ],
      "engines": {
        "node": ">= 10"
      }
    },
    "node_modules/@tauri-apps/cli-linux-arm-gnueabihf": {
      "version": "2.7.1",
      "resolved": "https://registry.npmjs.org/@tauri-apps/cli-linux-arm-gnueabihf/-/cli-linux-arm-gnueabihf-2.7.1.tgz",
      "integrity": "sha512-dnvyJrTA1UJxJjQ8q1N/gWomjP8Twij1BUQu2fdcT3OPpqlrbOk5R1yT0oD/721xoKNjroB5BXCsmmlykllxNg==",
      "cpu": [
        "arm"
      ],
      "dev": true,
      "license": "Apache-2.0 OR MIT",
      "optional": true,
      "os": [
        "linux"
      ],
      "engines": {
        "node": ">= 10"
      }
    },
    "node_modules/@tauri-apps/cli-linux-arm64-gnu": {
      "version": "2.7.1",
      "resolved": "https://registry.npmjs.org/@tauri-apps/cli-linux-arm64-gnu/-/cli-linux-arm64-gnu-2.7.1.tgz",
      "integrity": "sha512-FtBW6LJPNRTws3qyUc294AqCWU91l/H0SsFKq6q4Q45MSS4x6wxLxou8zB53tLDGEPx3JSoPLcDaSfPlSbyujQ==",
      "cpu": [
        "arm64"
      ],
      "dev": true,
      "license": "Apache-2.0 OR MIT",
      "optional": true,
      "os": [
        "linux"
      ],
      "engines": {
        "node": ">= 10"
      }
    },
    "node_modules/@tauri-apps/cli-linux-arm64-musl": {
      "version": "2.7.1",
      "resolved": "https://registry.npmjs.org/@tauri-apps/cli-linux-arm64-musl/-/cli-linux-arm64-musl-2.7.1.tgz",
      "integrity": "sha512-/HXY0t4FHkpFzjeYS5c16mlA6z0kzn5uKLWptTLTdFSnYpr8FCnOP4Sdkvm2TDQPF2ERxXtNCd+WR/jQugbGnA==",
      "cpu": [
        "arm64"
      ],
      "dev": true,
      "license": "Apache-2.0 OR MIT",
      "optional": true,
      "os": [
        "linux"
      ],
      "engines": {
        "node": ">= 10"
      }
    },
    "node_modules/@tauri-apps/cli-linux-riscv64-gnu": {
      "version": "2.7.1",
      "resolved": "https://registry.npmjs.org/@tauri-apps/cli-linux-riscv64-gnu/-/cli-linux-riscv64-gnu-2.7.1.tgz",
      "integrity": "sha512-GeW5lVI2GhhnaYckiDzstG2j2Jwlud5d2XefRGwlOK+C/bVGLT1le8MNPYK8wgRlpeK8fG1WnJJYD6Ke7YQ8bg==",
      "cpu": [
        "riscv64"
      ],
      "dev": true,
      "license": "Apache-2.0 OR MIT",
      "optional": true,
      "os": [
        "linux"
      ],
      "engines": {
        "node": ">= 10"
      }
    },
    "node_modules/@tauri-apps/cli-linux-x64-gnu": {
      "version": "2.7.1",
      "resolved": "https://registry.npmjs.org/@tauri-apps/cli-linux-x64-gnu/-/cli-linux-x64-gnu-2.7.1.tgz",
      "integrity": "sha512-DprxKQkPxIPYwUgg+cscpv2lcIUhn2nxEPlk0UeaiV9vATxCXyytxr1gLcj3xgjGyNPlM0MlJyYaPy1JmRg1cA==",
      "cpu": [
        "x64"
      ],
      "dev": true,
      "license": "Apache-2.0 OR MIT",
      "optional": true,
      "os": [
        "linux"
      ],
      "engines": {
        "node": ">= 10"
      }
    },
    "node_modules/@tauri-apps/cli-linux-x64-musl": {
      "version": "2.7.1",
      "resolved": "https://registry.npmjs.org/@tauri-apps/cli-linux-x64-musl/-/cli-linux-x64-musl-2.7.1.tgz",
      "integrity": "sha512-KLlq3kOK7OUyDR757c0zQjPULpGZpLhNB0lZmZpHXvoOUcqZoCXJHh4dT/mryWZJp5ilrem5l8o9ngrDo0X1AA==",
      "cpu": [
        "x64"
      ],
      "dev": true,
      "license": "Apache-2.0 OR MIT",
      "optional": true,
      "os": [
        "linux"
      ],
      "engines": {
        "node": ">= 10"
      }
    },
    "node_modules/@tauri-apps/cli-win32-arm64-msvc": {
      "version": "2.7.1",
      "resolved": "https://registry.npmjs.org/@tauri-apps/cli-win32-arm64-msvc/-/cli-win32-arm64-msvc-2.7.1.tgz",
      "integrity": "sha512-dH7KUjKkSypCeWPiainHyXoES3obS+JIZVoSwSZfKq2gWgs48FY3oT0hQNYrWveE+VR4VoR3b/F3CPGbgFvksA==",
      "cpu": [
        "arm64"
      ],
      "dev": true,
      "license": "Apache-2.0 OR MIT",
      "optional": true,
      "os": [
        "win32"
      ],
      "engines": {
        "node": ">= 10"
      }
    },
    "node_modules/@tauri-apps/cli-win32-ia32-msvc": {
      "version": "2.7.1",
      "resolved": "https://registry.npmjs.org/@tauri-apps/cli-win32-ia32-msvc/-/cli-win32-ia32-msvc-2.7.1.tgz",
      "integrity": "sha512-1oeibfyWQPVcijOrTg709qhbXArjX3x1MPjrmA5anlygwrbByxLBcLXvotcOeULFcnH2FYUMMLLant8kgvwE5A==",
      "cpu": [
        "ia32"
      ],
      "dev": true,
      "license": "Apache-2.0 OR MIT",
      "optional": true,
      "os": [
        "win32"
      ],
      "engines": {
        "node": ">= 10"
      }
    },
    "node_modules/@tauri-apps/cli-win32-x64-msvc": {
      "version": "2.7.1",
      "resolved": "https://registry.npmjs.org/@tauri-apps/cli-win32-x64-msvc/-/cli-win32-x64-msvc-2.7.1.tgz",
      "integrity": "sha512-D7Q9kDObutuirCNLxYQ7KAg2Xxg99AjcdYz/KuMw5HvyEPbkC9Q7JL0vOrQOrHEHxIQ2lYzFOZvKKoC2yyqXcg==",
      "cpu": [
        "x64"
      ],
      "dev": true,
      "license": "Apache-2.0 OR MIT",
      "optional": true,
      "os": [
        "win32"
      ],
      "engines": {
        "node": ">= 10"
      }
    },
    "node_modules/@types/geojson": {
      "version": "7946.0.16",
      "resolved": "https://registry.npmjs.org/@types/geojson/-/geojson-7946.0.16.tgz",
      "integrity": "sha512-6C8nqWur3j98U6+lXDfTUWIfgvZU+EumvpHKcYjujKH7woYyLj2sUmff0tRhrqM7BohUw7Pz3ZB1jj2gW9Fvmg==",
      "license": "MIT"
    },
    "node_modules/@types/leaflet": {
      "version": "1.9.20",
      "resolved": "https://registry.npmjs.org/@types/leaflet/-/leaflet-1.9.20.tgz",
      "integrity": "sha512-rooalPMlk61LCaLOvBF2VIf9M47HgMQqi5xQ9QRi7c8PkdIe0WrIi5IxXUXQjAdL0c+vcQ01mYWbthzmp9GHWw==",
      "license": "MIT",
      "dependencies": {
        "@types/geojson": "*"
      }
    },
    "node_modules/leaflet": {
      "version": "1.9.4",
      "resolved": "https://registry.npmjs.org/leaflet/-/leaflet-1.9.4.tgz",
      "integrity": "sha512-nxS1ynzJOmOlHp+iL3FyWqK89GtNL8U8rvlMOsQdTTssxZwCXh8N2NB3GDQOL+YR3XnWyZAxwQixURb+FA74PA==",
      "license": "BSD-2-Clause"
    },
    "node_modules/react": {
      "version": "19.1.1",
      "resolved": "https://registry.npmjs.org/react/-/react-19.1.1.tgz",
      "integrity": "sha512-w8nqGImo45dmMIfljjMwOGtbmC/mk4CMYhWIicdSflH91J9TyCyczcPFXJzrZ/ZXcgGRFeP6BU0BEJTw6tZdfQ==",
      "license": "MIT",
      "peer": true,
      "engines": {
        "node": ">=0.10.0"
      }
    },
    "node_modules/react-dom": {
      "version": "19.1.1",
      "resolved": "https://registry.npmjs.org/react-dom/-/react-dom-19.1.1.tgz",
      "integrity": "sha512-Dlq/5LAZgF0Gaz6yiqZCf6VCcZs1ghAJyrsu84Q/GT0gV+mCxbfmKNoGRKBYMJ8IEdGPqu49YWXD02GCknEDkw==",
      "license": "MIT",
      "peer": true,
      "dependencies": {
        "scheduler": "^0.26.0"
      },
      "peerDependencies": {
        "react": "^19.1.1"
      }
    },
    "node_modules/react-leaflet": {
      "version": "5.0.0",
      "resolved": "https://registry.npmjs.org/react-leaflet/-/react-leaflet-5.0.0.tgz",
      "integrity": "sha512-CWbTpr5vcHw5bt9i4zSlPEVQdTVcML390TjeDG0cK59z1ylexpqC6M1PJFjV8jD7CF+ACBFsLIDs6DRMoLEofw==",
      "license": "Hippocratic-2.1",
      "dependencies": {
        "@react-leaflet/core": "^3.0.0"
      },
      "peerDependencies": {
        "leaflet": "^1.9.0",
        "react": "^19.0.0",
        "react-dom": "^19.0.0"
      }
    },
    "node_modules/scheduler": {
      "version": "0.26.0",
      "resolved": "https://registry.npmjs.org/scheduler/-/scheduler-0.26.0.tgz",
      "integrity": "sha512-NlHwttCI/l5gCPR3D1nNXtWABUmBwvZpEQiD4IXSbIDq8BzLIK/7Ir5gTFSGZDUu37K5cMNp0hFtzO38sC7gWA==",
      "license": "MIT",
      "peer": true
    }
  }
}
